
Microsoft Visual Studio Solution File, Format Version 12.00
# Visual Studio Version 16
VisualStudioVersion = 25.0.1706.9
MinimumVisualStudioVersion = 10.0.40219.1
Project("{FAE04EC0-301F-11D3-BF4B-00C04F79EFBC}") = "DotNerPractise", "DotNerPractise\DotNerPractise.csproj", "{6861B5D4-09E3-4D56-AF92-51CF2FA1FD12}"
EndProject
Global
	GlobalSection(SolutionConfigurationPlatforms) = preSolution
		Debug|Any CPU = Debug|Any CPU
		Release|Any CPU = Release|Any CPU
	EndGlobalSection
	GlobalSection(ProjectConfigurationPlatforms) = postSolution
		{6861B5D4-09E3-4D56-AF92-51CF2FA1FD12}.Debug|Any CPU.ActiveCfg = Debug|Any CPU
		{6861B5D4-09E3-4D56-AF92-51CF2FA1FD12}.Debug|Any CPU.Build.0 = Debug|Any CPU
		{6861B5D4-09E3-4D56-AF92-51CF2FA1FD12}.Release|Any CPU.ActiveCfg = Release|Any CPU
		{6861B5D4-09E3-4D56-AF92-51CF2FA1FD12}.Release|Any CPU.Build.0 = Release|Any CPU
	EndGlobalSection
	GlobalSection(SolutionProperties) = preSolution
		HideSolutionNode = FALSE
	EndGlobalSection
	GlobalSection(ExtensibilityGlobals) = postSolution
		SolutionGuid = {DE43C189-DC26-45D5-9F77-483CE89C22AB}
	EndGlobalSection
EndGlobal
